
Microsoft Visual Studio Solution File, Format Version 12.00
# Visual Studio Version 17
VisualStudioVersion = 17.4.33213.308
MinimumVisualStudioVersion = 10.0.40219.1
Project("{FAE04EC0-301F-11D3-BF4B-00C04F79EFBC}") = "Tickets.API", "Tickets.API\Tickets.API.csproj", "{6B9E8B18-A7AA-4537-8F78-A5B53D5ACF28}"
EndProject
Project("{FAE04EC0-301F-11D3-BF4B-00C04F79EFBC}") = "Tickets.DAL", "Tickets.DAL\Tickets.DAL.csproj", "{C9F62DC2-6127-4329-9A7E-7D35EBEBCB49}"
EndProject
Project("{FAE04EC0-301F-11D3-BF4B-00C04F79EFBC}") = "Tickets.BL", "Tickets.BL\Tickets.BL.csproj", "{8F5330B0-49C3-42E5-A71E-4386D973C408}"
EndProject
Global
	GlobalSection(SolutionConfigurationPlatforms) = preSolution
		Debug|Any CPU = Debug|Any CPU
		Release|Any CPU = Release|Any CPU
	EndGlobalSection
	GlobalSection(ProjectConfigurationPlatforms) = postSolution
		{6B9E8B18-A7AA-4537-8F78-A5B53D5ACF28}.Debug|Any CPU.ActiveCfg = Debug|Any CPU
		{6B9E8B18-A7AA-4537-8F78-A5B53D5ACF28}.Debug|Any CPU.Build.0 = Debug|Any CPU
		{6B9E8B18-A7AA-4537-8F78-A5B53D5ACF28}.Release|Any CPU.ActiveCfg = Release|Any CPU
		{6B9E8B18-A7AA-4537-8F78-A5B53D5ACF28}.Release|Any CPU.Build.0 = Release|Any CPU
		{C9F62DC2-6127-4329-9A7E-7D35EBEBCB49}.Debug|Any CPU.ActiveCfg = Debug|Any CPU
		{C9F62DC2-6127-4329-9A7E-7D35EBEBCB49}.Debug|Any CPU.Build.0 = Debug|Any CPU
		{C9F62DC2-6127-4329-9A7E-7D35EBEBCB49}.Release|Any CPU.ActiveCfg = Release|Any CPU
		{C9F62DC2-6127-4329-9A7E-7D35EBEBCB49}.Release|Any CPU.Build.0 = Release|Any CPU
		{8F5330B0-49C3-42E5-A71E-4386D973C408}.Debug|Any CPU.ActiveCfg = Debug|Any CPU
		{8F5330B0-49C3-42E5-A71E-4386D973C408}.Debug|Any CPU.Build.0 = Debug|Any CPU
		{8F5330B0-49C3-42E5-A71E-4386D973C408}.Release|Any CPU.ActiveCfg = Release|Any CPU
		{8F5330B0-49C3-42E5-A71E-4386D973C408}.Release|Any CPU.Build.0 = Release|Any CPU
	EndGlobalSection
	GlobalSection(SolutionProperties) = preSolution
		HideSolutionNode = FALSE
	EndGlobalSection
	GlobalSection(ExtensibilityGlobals) = postSolution
		SolutionGuid = {F24EBCE9-F94B-4D1D-8B27-938E58FEE36F}
	EndGlobalSection
EndGlobal
